// !$*UTF8*$!
{
	archiveVersion = 1;
	classes = {
	};
	objectVersion = 48;
	objects = {

/* Begin PBXBuildFile section */
		53F0ED87201049AA00B823AE /* AppDelegate.swift in Sources */ = {isa = PBXBuildFile; fileRef = 53F0ED86201049AA00B823AE /* AppDelegate.swift */; };
		53F0ED89201049AA00B823AE /* ViewController.swift in Sources */ = {isa = PBXBuildFile; fileRef = 53F0ED88201049AA00B823AE /* ViewController.swift */; };
		53F0ED8C201049AA00B823AE /* Main.storyboard in Resources */ = {isa = PBXBuildFile; fileRef = 53F0ED8A201049AA00B823AE /* Main.storyboard */; };
		53F0ED8E201049AA00B823AE /* Assets.xcassets in Resources */ = {isa = PBXBuildFile; fileRef = 53F0ED8D201049AA00B823AE /* Assets.xcassets */; };
		53F0ED91201049AA00B823AE /* LaunchScreen.storyboard in Resources */ = {isa = PBXBuildFile; fileRef = 53F0ED8F201049AA00B823AE /* LaunchScreen.storyboard */; };
/* End PBXBuildFile section */

/* Begin PBXFileReference section */
		53F0ED83201049AA00B823AE /* SayWhatILike.app */ = {isa = PBXFileReference; explicitFileType = wrapper.application; includeInIndex = 0; path = SayWhatILike.app; sourceTree = BUILT_PRODUCTS_DIR; };
		53F0ED86201049AA00B823AE /* AppDelegate.swift */ = {isa = PBXFileReference; lastKnownFileType = sourcecode.swift; path = AppDelegate.swift; sourceTree = "<group>"; };
		53F0ED88201049AA00B823AE /* ViewController.swift */ = {isa = PBXFileReference; lastKnownFileType = sourcecode.swift; path = ViewController.swift; sourceTree = "<group>"; };
		53F0ED8B201049AA00B823AE /* Base */ = {isa = PBXFileReference; lastKnownFileType = file.storyboard; name = Base; path = Base.lproj/Main.storyboard; sourceTree = "<group>"; };
		53F0ED8D201049AA00B823AE /* Assets.xcassets */ = {isa = PBXFileReference; lastKnownFileType = folder.assetcatalog; path = Assets.xcassets; sourceTree = "<group>"; };
		53F0ED90201049AA00B823AE /* Base */ = {isa = PBXFileReference; lastKnownFileType = file.storyboard; name = Base; path = Base.lproj/LaunchScreen.storyboard; sourceTree = "<group>"; };
		53F0ED92201049AA00B823AE /* Info.plist */ = {isa = PBXFileReference; lastKnownFileType = text.plist.xml; path = Info.plist; sourceTree = "<group>"; };
/* End PBXFileReference section */

/* Begin PBXFrameworksBuildPhase section */
		53F0ED80201049AA00B823AE /* Frameworks */ = {
			isa = PBXFrameworksBuildPhase;
			buildActionMask = 2147483647;
			files = (
			);
			runOnlyForDeploymentPostprocessing = 0;
		};
/* End PBXFrameworksBuildPhase section */

/* Begin PBXGroup section */
		53F0ED7A201049AA00B823AE = {
			isa = PBXGroup;
			children = (
				53F0ED85201049AA00B823AE /* SayWhatILike */,
				53F0ED84201049AA00B823AE /* Products */,
			);
			sourceTree = "<group>";
		};
		53F0ED84201049AA00B823AE /* Products */ = {
			isa = PBXGroup;
			children = (
				53F0ED83201049AA00B823AE /* SayWhatILike.app */,
			);
			name = Products;
			sourceTree = "<group>";
		};
		53F0ED85201049AA00B823AE /* SayWhatILike */ = {
			isa = PBXGroup;
			children = (
				53F0ED86201049AA00B823AE /* AppDelegate.swift */,
				53F0ED88201049AA00B823AE /* ViewController.swift */,
				53F0ED8A201049AA00B823AE /* Main.storyboard */,
				53F0ED8D201049AA00B823AE /* Assets.xcassets */,
				53F0ED8F201049AA00B823AE /* LaunchScreen.storyboard */,
				53F0ED92201049AA00B823AE /* Info.plist */,
			);
			path = SayWhatILike;
			sourceTree = "<group>";
		};
/* End PBXGroup section */

/* Begin PBXNativeTarget section */
		53F0ED82201049AA00B823AE /* SayWhatILike */ = {
			isa = PBXNativeTarget;
			buildConfigurationList = 53F0ED95201049AA00B823AE /* Build configuration list for PBXNativeTarget "SayWhatILike" */;
			buildPhases = (
				53F0ED7F201049AA00B823AE /* Sources */,
				53F0ED80201049AA00B823AE /* Frameworks */,
				53F0ED81201049AA00B823AE /* Resources */,
			);
			buildRules = (
			);
			dependencies = (
			);
			name = SayWhatILike;
			productName = SayWhatILike;
			productReference = 53F0ED83201049AA00B823AE /* SayWhatILike.app */;
			productType = "com.apple.product-type.application";
		};
/* End PBXNativeTarget section */

/* Begin PBXProject section */
		53F0ED7B201049AA00B823AE /* Project object */ = {
			isa = PBXProject;
			attributes = {
				LastSwiftUpdateCheck = 0920;
				LastUpgradeCheck = 0920;
				ORGANIZATIONNAME = kamontat;
				TargetAttributes = {
					53F0ED82201049AA00B823AE = {
						CreatedOnToolsVersion = 9.2;
						ProvisioningStyle = Automatic;
					};
				};
			};
			buildConfigurationList = 53F0ED7E201049AA00B823AE /* Build configuration list for PBXProject "SayWhatILike" */;
			compatibilityVersion = "Xcode 8.0";
			developmentRegion = en;
			hasScannedForEncodings = 0;
			knownRegions = (
				en,
				Base,
			);
			mainGroup = 53F0ED7A201049AA00B823AE;
			productRefGroup = 53F0ED84201049AA00B823AE /* Products */;
			projectDirPath = "";
			projectRoot = "";
			targets = (
				53F0ED82201049AA00B823AE /* SayWhatILike */,
			);
		};
/* End PBXProject section */

/* Begin PBXResourcesBuildPhase section */
		53F0ED81201049AA00B823AE /* Resources */ = {
			isa = PBXResourcesBuildPhase;
			buildActionMask = 2147483647;
			files = (
				53F0ED91201049AA00B823AE /* LaunchScreen.storyboard in Resources */,
				53F0ED8E201049AA00B823AE /* Assets.xcassets in Resources */,
				53F0ED8C201049AA00B823AE /* Main.storyboard in Resources */,
			);
			runOnlyForDeploymentPostprocessing = 0;
		};
/* End PBXResourcesBuildPhase section */

/* Begin PBXSourcesBuildPhase section */
		53F0ED7F201049AA00B823AE /* Sources */ = {
			isa = PBXSourcesBuildPhase;
			buildActionMask = 2147483647;
			files = (
				53F0ED89201049AA00B823AE /* ViewController.swift in Sources */,
				53F0ED87201049AA00B823AE /* AppDelegate.swift in Sources */,
			);
			runOnlyForDeploymentPostprocessing = 0;
		};
/* End PBXSourcesBuildPhase section */

/* Begin PBXVariantGroup section */
		53F0ED8A201049AA00B823AE /* Main.storyboard */ = {
			isa = PBXVariantGroup;
			children = (
				53F0ED8B201049AA00B823AE /* Base */,
			);
			name = Main.storyboard;
			sourceTree = "<group>";
		};
		53F0ED8F201049AA00B823AE /* LaunchScreen.storyboard */ = {
			isa = PBXVariantGroup;
			children = (
				53F0ED90201049AA00B823AE /* Base */,
			);
			name = LaunchScreen.storyboard;
			sourceTree = "<group>";
		};
/* End PBXVariantGroup section */

/* Begin XCBuildConfiguration section */
		53F0ED93201049AA00B823AE /* Debug */ = {
			isa = XCBuildConfiguration;
			buildSettings = {
				ALWAYS_SEARCH_USER_PATHS = NO;
				CLANG_ANALYZER_NONNULL = YES;
				CLANG_ANALYZER_NUMBER_OBJECT_CONVERSION = YES_AGGRESSIVE;
				CLANG_CXX_LANGUAGE_STANDARD = "gnu++14";
				CLANG_CXX_LIBRARY = "libc++";
				CLANG_ENABLE_MODULES = YES;
				CLANG_ENABLE_OBJC_ARC = YES;
				CLANG_WARN_BLOCK_CAPTURE_AUTORELEASING = YES;
				CLANG_WARN_BOOL_CONVERSION = YES;
				CLANG_WARN_COMMA = YES;
				CLANG_WARN_CONSTANT_CONVERSION = YES;
				CLANG_WARN_DIRECT_OBJC_ISA_USAGE = YES_ERROR;
				CLANG_WARN_DOCUMENTATION_COMMENTS = YES;
				CLANG_WARN_EMPTY_BODY = YES;
				CLANG_WARN_ENUM_CONVERSION = YES;
				CLANG_WARN_INFINITE_RECURSION = YES;
				CLANG_WARN_INT_CONVERSION = YES;
				CLANG_WARN_NON_LITERAL_NULL_CONVERSION = YES;
				CLANG_WARN_OBJC_LITERAL_CONVERSION = YES;
				CLANG_WARN_OBJC_ROOT_CLASS = YES_ERROR;
				CLANG_WARN_RANGE_LOOP_ANALYSIS = YES;
				CLANG_WARN_STRICT_PROTOTYPES = YES;
				CLANG_WARN_SUSPICIOUS_MOVE = YES;
				CLANG_WARN_UNGUARDED_AVAILABILITY = YES_AGGRESSIVE;
				CLANG_WARN_UNREACHABLE_CODE = YES;
				CLANG_WARN__DUPLICATE_METHOD_MATCH = YES;
				CODE_SIGN_IDENTITY = "iPhone Developer";
				COPY_PHASE_STRIP = NO;
				DEBUG_INFORMATION_FORMAT = dwarf;
				ENABLE_STRICT_OBJC_MSGSEND = YES;
				ENABLE_TESTABILITY = YES;
				GCC_C_LANGUAGE_STANDARD = gnu11;
				GCC_DYNAMIC_NO_PIC = NO;
				GCC_NO_COMMON_BLOCKS = YES;
				GCC_OPTIMIZATION_LEVEL = 0;
				GCC_PREPROCESSOR_DEFINITIONS = (
					"DEBUG=1",
					"$(inherited)",
				);
				GCC_WARN_64_TO_32_BIT_CONVERSION = YES;
				GCC_WARN_ABOUT_RETURN_TYPE = YES_ERROR;
				GCC_WARN_UNDECLARED_SELECTOR = YES;
				GCC_WARN_UNINITIALIZED_AUTOS = YES_AGGRESSIVE;
				GCC_WARN_UNUSED_FUNCTION = YES;
				GCC_WARN_UNUSED_VARIABLE = YES;
				IPHONEOS_DEPLOYMENT_TARGET = 11.2;
				MTL_ENABLE_DEBUG_INFO = YES;
				ONLY_ACTIVE_ARCH = YES;
				SDKROOT = iphoneos;
				SWIFT_ACTIVE_COMPILATION_CONDITIONS = DEBUG;
				SWIFT_OPTIMIZATION_LEVEL = "-Onone";
			};
			name = Debug;
		};
		53F0ED94201049AA00B823AE /* Release */ = {
			isa = XCBuildConfiguration;
			buildSettings = {
				ALWAYS_SEARCH_USER_PATHS = NO;
				CLANG_ANALYZER_NONNULL = YES;
				CLANG_ANALYZER_NUMBER_OBJECT_CONVERSION = YES_AGGRESSIVE;
				CLANG_CXX_LANGUAGE_STANDARD = "gnu++14";
				CLANG_CXX_LIBRARY = "libc++";
				CLANG_ENABLE_MODULES = YES;
				CLANG_ENABLE_OBJC_ARC = YES;
				CLANG_WARN_BLOCK_CAPTURE_AUTORELEASING = YES;
				CLANG_WARN_BOOL_CONVERSION = YES;
				CLANG_WARN_COMMA = YES;
				CLANG_WARN_CONSTANT_CONVERSION = YES;
				CLANG_WARN_DIRECT_OBJC_ISA_USAGE = YES_ERROR;
				CLANG_WARN_DOCUMENTATION_COMMENTS = YES;
				CLANG_WARN_EMPTY_BODY = YES;
				CLANG_WARN_ENUM_CONVERSION = YES;
				CLANG_WARN_INFINITE_RECURSION = YES;
				CLANG_WARN_INT_CONVERSION = YES;
				CLANG_WARN_NON_LITERAL_NULL_CONVERSION = YES;
				CLANG_WARN_OBJC_LITERAL_CONVERSION = YES;
				CLANG_WARN_OBJC_ROOT_CLASS = YES_ERROR;
				CLANG_WARN_RANGE_LOOP_ANALYSIS = YES;
				CLANG_WARN_STRICT_PROTOTYPES = YES;
				CLANG_WARN_SUSPICIOUS_MOVE = YES;
				CLANG_WARN_UNGUARDED_AVAILABILITY = YES_AGGRESSIVE;
				CLANG_WARN_UNREACHABLE_CODE = YES;
				CLANG_WARN__DUPLICATE_METHOD_MATCH = YES;
				CODE_SIGN_IDENTITY = "iPhone Developer";
				COPY_PHASE_STRIP = NO;
				DEBUG_INFORMATION_FORMAT = "dwarf-with-dsym";
				ENABLE_NS_ASSERTIONS = NO;
				ENABLE_STRICT_OBJC_MSGSEND = YES;
				GCC_C_LANGUAGE_STANDARD = gnu11;
				GCC_NO_COMMON_BLOCKS = YES;
				GCC_WARN_64_TO_32_BIT_CONVERSION = YES;
				GCC_WARN_ABOUT_RETURN_TYPE = YES_ERROR;
				GCC_WARN_UNDECLARED_SELECTOR = YES;
				GCC_WARN_UNINITIALIZED_AUTOS = YES_AGGRESSIVE;
				GCC_WARN_UNUSED_FUNCTION = YES;
				GCC_WARN_UNUSED_VARIABLE = YES;
				IPHONEOS_DEPLOYMENT_TARGET = 11.2;
				MTL_ENABLE_DEBUG_INFO = NO;
				SDKROOT = iphoneos;
				SWIFT_OPTIMIZATION_LEVEL = "-Owholemodule";
				VALIDATE_PRODUCT = YES;
			};
			name = Release;
		};
		53F0ED96201049AA00B823AE /* Debug */ = {
			isa = XCBuildConfiguration;
			buildSettings = {
				ASSETCATALOG_COMPILER_APPICON_NAME = AppIcon;
				CODE_SIGN_STYLE = Automatic;
				DEVELOPMENT_TEAM = RT44NCJNJ3;
				INFOPLIST_FILE = SayWhatILike/Info.plist;
				LD_RUNPATH_SEARCH_PATHS = "$(inherited) @executable_path/Frameworks";
				PRODUCT_BUNDLE_IDENTIFIER = com.kamontat.SayWhatILike;
				PRODUCT_NAME = "$(TARGET_NAME)";
				SWIFT_VERSION = 4.0;
				TARGETED_DEVICE_FAMILY = "1,2";
			};
			name = Debug;
		};
		53F0ED97201049AA00B823AE /* Release */ = {
			isa = XCBuildConfiguration;
			buildSettings = {
				ASSETCATALOG_COMPILER_APPICON_NAME = AppIcon;
				CODE_SIGN_STYLE = Automatic;
				DEVELOPMENT_TEAM = RT44NCJNJ3;
				INFOPLIST_FILE = SayWhatILike/Info.plist;
				LD_RUNPATH_SEARCH_PATHS = "$(inherited) @executable_path/Frameworks";
				PRODUCT_BUNDLE_IDENTIFIER = com.kamontat.SayWhatILike;
				PRODUCT_NAME = "$(TARGET_NAME)";
				SWIFT_VERSION = 4.0;
				TARGETED_DEVICE_FAMILY = "1,2";
			};
			name = Release;
		};
/* End XCBuildConfiguration section */

/* Begin XCConfigurationList section */
		53F0ED7E201049AA00B823AE /* Build configuration list for PBXProject "SayWhatILike" */ = {
			isa = XCConfigurationList;
			buildConfigurations = (
				53F0ED93201049AA00B823AE /* Debug */,
				53F0ED94201049AA00B823AE /* Release */,
			);
			defaultConfigurationIsVisible = 0;
			defaultConfigurationName = Release;
		};
		53F0ED95201049AA00B823AE /* Build configuration list for PBXNativeTarget "SayWhatILike" */ = {
			isa = XCConfigurationList;
			buildConfigurations = (
				53F0ED96201049AA00B823AE /* Debug */,
				53F0ED97201049AA00B823AE /* Release */,
			);
			defaultConfigurationIsVisible = 0;
			defaultConfigurationName = Release;
		};
/* End XCConfigurationList section */
	};
	rootObject = 53F0ED7B201049AA00B823AE /* Project object */;
}
